version = 1
revision = 1
requires-python = ">=3.12"

[[package]]
name = "basedmypy"
version = "2.10.0"
source = { registry = "https://pypi.org/simple" }
dependencies = [
    { name = "basedtyping" },
    { name = "mypy-extensions" },
    { name = "typing-extensions" },
]
sdist = { url = "https://files.pythonhosted.org/packages/24/f5/223ddf7be63d4549a0e0351e37a54f799d18ef4b799af95093c8359ddf48/basedmypy-2.10.0.tar.gz", hash = "sha256:85dd20aa8de401982073970a90a78a5d47442251140401b4863f0018247e533f", size = 5516524 }
wheels = [
    { url = "https://files.pythonhosted.org/packages/c2/cd/bd22280452d1363c9ca752e3e16fd56ca151cc14a08b45ad43b652db05ab/basedmypy-2.10.0-cp312-cp312-macosx_10_13_x86_64.whl", hash = "sha256:671f8772cbd95d5d249566bb0f2666bdd4ec674bf78e89920601cfd5500973ce", size = 11151863 },
    { url = "https://files.pythonhosted.org/packages/31/0c/ca810df3ee39bcf23b7658d891ee56c0cede0ef81348cece7503557d1c5e/basedmypy-2.10.0-cp312-cp312-macosx_11_0_arm64.whl", hash = "sha256:6999cc9226921aed439d1ac354dfd57841667c7d75e147f699e7b4ccaffb8b13", size = 10069742 },
    { url = "https://files.pythonhosted.org/packages/c6/d6/65a4b2139cdb5f79a841676d0ded8bdd4b08846eeb92522712a1301a1bf2/basedmypy-2.10.0-cp312-cp312-manylinux_2_17_x86_64.manylinux2014_x86_64.manylinux_2_28_x86_64.whl", hash = "sha256:117bfd52b9b986650c88b7522e89209de8e97fc5e0e6903ce734f1e09e92939a", size = 12799939 },
    { url = "https://files.pythonhosted.org/packages/51/58/0a84e7e568e8cdb4845dc679e3fc4c088af5e6e01e43cf73cf59db850b1d/basedmypy-2.10.0-cp312-cp312-musllinux_1_2_x86_64.whl", hash = "sha256:e130836271eeed20458b950b30896130019f289f5cb6c2498c6305149bca0c57", size = 12915197 },
    { url = "https://files.pythonhosted.org/packages/ac/aa/3aec20d8137808d5951ab80ea0230497c2a4f17f69b37840e054afc06f9d/basedmypy-2.10.0-cp312-cp312-win_amd64.whl", hash = "sha256:4c687678c104a810c570b4b91ea3457af4e17759b65d081cc8e19daf9989679d", size = 9678731 },
    { url = "https://files.pythonhosted.org/packages/ca/6e/a9fbef73c01d731ce0339be9b6f3e356a0ac217b13e27c4cb3a12ba9811f/basedmypy-2.10.0-cp313-cp313-macosx_10_13_x86_64.whl", hash = "sha256:f1e4800cb4643b49a1fe851bd3eae27c714a86b92ace5f916acd8571f2739843", size = 11154841 },
    { url = "https://files.pythonhosted.org/packages/1c/7b/486eefe99853b6fc409bf1aed5a5e3df21f02b06586d169d1545dd6264c6/basedmypy-2.10.0-cp313-cp313-macosx_11_0_arm64.whl", hash = "sha256:025d7ad9ab60717b50cc87c9c4dcb9e7ba9047b77ccd5312b7f3da3c13dae9c1", size = 10071084 },
    { url = "https://files.pythonhosted.org/packages/10/f0/4f1abccbee4b3da150f992a9a34ef63a97350efeb63acf6635999e0d4730/basedmypy-2.10.0-cp313-cp313-manylinux_2_17_x86_64.manylinux2014_x86_64.manylinux_2_28_x86_64.whl", hash = "sha256:9933a38b73f5d57e0609a30721d12d40d384a9ff33b0828fe26ac19bbc89e375", size = 12801332 },
    { url = "https://files.pythonhosted.org/packages/e3/03/983b23bf5e146875d31046d02a4a258f8e3297262451fc958bcd317e1e8e/basedmypy-2.10.0-cp313-cp313-musllinux_1_2_x86_64.whl", hash = "sha256:64ad7c3c13e0504891a70e1a0db49ac78851c0847f7d4770c0b22efe54c20457", size = 12910526 },
    { url = "https://files.pythonhosted.org/packages/8b/c8/5c680ef984f5d5c458e892a502d9255c0c360f7f35ae2dda12c071b971c5/basedmypy-2.10.0-cp313-cp313-win_amd64.whl", hash = "sha256:1c782fde0a3018ca1a89eeeaaf5d48eb2618cc7e039ac24a59dc08c24597aa22", size = 9680025 },
    { url = "https://files.pythonhosted.org/packages/b0/bd/33d3b1a369fa1c516900b0e01844d8782dd06adc4f2de350570831ad2711/basedmypy-2.10.0-py3-none-any.whl", hash = "sha256:05047ee1821ba4026c21029b342b903883aac8520961bb9d021f49721428d029", size = 2263380 },
]

[[package]]
name = "basedpyright"
version = "1.28.4"
source = { registry = "https://pypi.org/simple" }
dependencies = [
    { name = "nodejs-wheel-binaries" },
]
sdist = { url = "https://files.pythonhosted.org/packages/23/4e/445fe8de5fdea8aba6fea36c126410f0e48fc83a407d8a341b91dcfcc773/basedpyright-1.28.4.tar.gz", hash = "sha256:0d4a67e8d3df0d724ac043d7110fea46478f3f1d970fadcd015be1c39054bdb2", size = 21924470 }
wheels = [
    { url = "https://files.pythonhosted.org/packages/b0/9f/d03c2ae879282d284e42687ee428fb50b4fa1479e63525bb64ef71011495/basedpyright-1.28.4-py3-none-any.whl", hash = "sha256:9cad30f84abb10c691ddb4c38e95a6dda755d2aa0ebd764da20773bcee76bc28", size = 11597694 },
]

[[package]]
name = "basedtyping"
version = "0.1.10"
source = { registry = "https://pypi.org/simple" }
dependencies = [
    { name = "typing-extensions" },
]
sdist = { url = "https://files.pythonhosted.org/packages/99/36/7ba70ab751f08f8619c9c1985899cc75223fef6b9583159414e08a1240f3/basedtyping-0.1.10.tar.gz", hash = "sha256:d7600917ec9f232c9eb4266916c2ea5a4719ffca59fb7902fc96fd59a4678110", size = 14672 }
wheels = [
    { url = "https://files.pythonhosted.org/packages/db/4a/76fe7ddbb90aadaeb298dbb57e562a365f21a6fa17d3c69e73cb3c0c84e8/basedtyping-0.1.10-py3-none-any.whl", hash = "sha256:8952416f8fd196d25c1f6d6bb556223183e928c944bee4bd0c49af659677dea9", size = 15045 },
]

[[package]]
name = "colorama"
version = "0.4.6"
source = { registry = "https://pypi.org/simple" }
sdist = { url = "https://files.pythonhosted.org/packages/d8/53/6f443c9a4a8358a93a6792e2acffb9d9d5cb0a5cfd8802644b7b1c9a02e4/colorama-0.4.6.tar.gz", hash = "sha256:08695f5cb7ed6e0531a20572697297273c47b8cae5a63ffc6d6ed5c201be6e44", size = 27697 }
wheels = [
    { url = "https://files.pythonhosted.org/packages/d1/d6/3965ed04c63042e047cb6a3e6ed1a63a35087b6a609aa3a15ed8ac56c221/colorama-0.4.6-py2.py3-none-any.whl", hash = "sha256:4f1d9991f5acc0ca119f9d443620b77f9d6b33703e51011c16baf57afb285fc6", size = 25335 },
]

[[package]]
name = "mypy-extensions"
version = "1.0.0"
source = { registry = "https://pypi.org/simple" }
sdist = { url = "https://files.pythonhosted.org/packages/98/a4/1ab47638b92648243faf97a5aeb6ea83059cc3624972ab6b8d2316078d3f/mypy_extensions-1.0.0.tar.gz", hash = "sha256:75dbf8955dc00442a438fc4d0666508a9a97b6bd41aa2f0ffe9d2f2725af0782", size = 4433 }
wheels = [
    { url = "https://files.pythonhosted.org/packages/2a/e2/5d3f6ada4297caebe1a2add3b126fe800c96f56dbe5d1988a2cbe0b267aa/mypy_extensions-1.0.0-py3-none-any.whl", hash = "sha256:4392f6c0eb8a5668a69e23d168ffa70f0be9ccfd32b5cc2d26a34ae5b844552d", size = 4695 },
]

[[package]]
name = "nodejs-wheel-binaries"
version = "22.14.0"
source = { registry = "https://pypi.org/simple" }
sdist = { url = "https://files.pythonhosted.org/packages/d7/c7/4fd3871d2b7fd5122216245e273201ab98eda92bbd6fe9ad04846b758c56/nodejs_wheel_binaries-22.14.0.tar.gz", hash = "sha256:c1dc43713598c7310d53795c764beead861b8c5021fe4b1366cb912ce1a4c8bf", size = 8055 }
wheels = [
    { url = "https://files.pythonhosted.org/packages/61/b6/66ef4ef75ea7389ea788f2d5505bf9a8e5c3806d56c7a90cf46a6942f1cf/nodejs_wheel_binaries-22.14.0-py2.py3-none-macosx_11_0_arm64.whl", hash = "sha256:d8ab8690516a3e98458041286e3f0d6458de176d15c14f205c3ea2972131420d", size = 50326597 },
    { url = "https://files.pythonhosted.org/packages/7d/78/023d91a293ba73572a643bc89d11620d189f35f205a309dd8296aa45e69a/nodejs_wheel_binaries-22.14.0-py2.py3-none-macosx_11_0_x86_64.whl", hash = "sha256:b2f200f23b3610bdbee01cf136279e005ffdf8ee74557aa46c0940a7867956f6", size = 51158258 },
    { url = "https://files.pythonhosted.org/packages/af/86/324f6342c79e5034a13319b02ba9ed1f4ac8813af567d223c9a9e56cd338/nodejs_wheel_binaries-22.14.0-py2.py3-none-manylinux_2_17_aarch64.manylinux2014_aarch64.whl", hash = "sha256:d0877832abd7a9c75c8c5caafa37f986c9341ee025043c2771213d70c4c1defa", size = 57180264 },
    { url = "https://files.pythonhosted.org/packages/6d/9f/42bdaab26137e31732bff00147b9aca2185d475b5752b57a443e6c7ba93f/nodejs_wheel_binaries-22.14.0-py2.py3-none-manylinux_2_17_x86_64.manylinux2014_x86_64.whl", hash = "sha256:8fded5a70a8a55c2135e67bd580d8b7f2e94fcbafcc679b6a2d5b92f88373d69", size = 57693251 },
    { url = "https://files.pythonhosted.org/packages/ab/d7/94f8f269aa86cf35f9ed2b70d09aca48dc971fb5656fdc4a3b69364b189f/nodejs_wheel_binaries-22.14.0-py2.py3-none-musllinux_1_2_aarch64.whl", hash = "sha256:c1ade6f3ece458b40c02e89c91d5103792a9f18aaad5026da533eb0dcb87090e", size = 58841717 },
    { url = "https://files.pythonhosted.org/packages/2d/a0/43b7316eaf22b4ee9bfb897ee36c724efceac7b89d7d1bedca28057b7be1/nodejs_wheel_binaries-22.14.0-py2.py3-none-musllinux_1_2_x86_64.whl", hash = "sha256:34fa5ed4cf3f65cbfbe9b45c407ffc2fc7d97a06cd8993e6162191ff81f29f48", size = 59808791 },
    { url = "https://files.pythonhosted.org/packages/10/0a/814491f751a25136e37de68a2728c9a9e3c1d20494aba5ff3c230d5f9c2d/nodejs_wheel_binaries-22.14.0-py2.py3-none-win_amd64.whl", hash = "sha256:ca7023276327455988b81390fa6bbfa5191c1da7fc45bc57c7abc281ba9967e9", size = 40478921 },
    { url = "https://files.pythonhosted.org/packages/f4/5c/cab444afaa387dceac8debb817b52fd00596efcd2d54506c27311c6fe6a8/nodejs_wheel_binaries-22.14.0-py2.py3-none-win_arm64.whl", hash = "sha256:fd59c8e9a202221e316febe1624a1ae3b42775b7fb27737bf12ec79565983eaf", size = 36206637 },
]

[[package]]
name = "pdbp"
version = "1.7.0"
source = { registry = "https://pypi.org/simple" }
dependencies = [
    { name = "colorama", marker = "sys_platform == 'win32'" },
    { name = "pygments" },
    { name = "tabcompleter" },
]
sdist = { url = "https://files.pythonhosted.org/packages/a5/7e/c2e6e6a27417ac9d23c1a8534c72f451463c71776cc182272cadaec78f6d/pdbp-1.7.0.tar.gz", hash = "sha256:d0a5b275720c451f5574427e35523aeb61c244f3faf622a80fe03019ef82d380", size = 25481 }
wheels = [
    { url = "https://files.pythonhosted.org/packages/86/2f/1f0144b14553ad32a8d0afa38b832c4b117694484c32aef2d939dc96f20a/pdbp-1.7.0-py3-none-any.whl", hash = "sha256:6ad99cb4e9f2fc1a5b4ef4f2e0acdb28b18b271bf71f6c9f997b652d935caa19", size = 21614 },
]

[[package]]
name = "pygments"
version = "2.19.1"
source = { registry = "https://pypi.org/simple" }
sdist = { url = "https://files.pythonhosted.org/packages/7c/2d/c3338d48ea6cc0feb8446d8e6937e1408088a72a39937982cc6111d17f84/pygments-2.19.1.tar.gz", hash = "sha256:61c16d2a8576dc0649d9f39e089b5f02bcd27fba10d8fb4dcc28173f7a45151f", size = 4968581 }
wheels = [
    { url = "https://files.pythonhosted.org/packages/8a/0b/9fcc47d19c48b59121088dd6da2488a49d5f72dacf8262e2790a1d2c7d15/pygments-2.19.1-py3-none-any.whl", hash = "sha256:9ea1544ad55cecf4b8242fab6dd35a93bbce657034b0611ee383099054ab6d8c", size = 1225293 },
]

[[package]]
name = "pyreadline3"
version = "3.5.4"
source = { registry = "https://pypi.org/simple" }
sdist = { url = "https://files.pythonhosted.org/packages/0f/49/4cea918a08f02817aabae639e3d0ac046fef9f9180518a3ad394e22da148/pyreadline3-3.5.4.tar.gz", hash = "sha256:8d57d53039a1c75adba8e50dd3d992b28143480816187ea5efbd5c78e6c885b7", size = 99839 }
wheels = [
    { url = "https://files.pythonhosted.org/packages/5a/dc/491b7661614ab97483abf2056be1deee4dc2490ecbf7bff9ab5cdbac86e1/pyreadline3-3.5.4-py3-none-any.whl", hash = "sha256:eaf8e6cc3c49bcccf145fc6067ba8643d1df34d604a1ec0eccbf7a18e6d3fae6", size = 83178 },
]

[[package]]
name = "ruff"
version = "0.11.4"
source = { registry = "https://pypi.org/simple" }
sdist = { url = "https://files.pythonhosted.org/packages/e8/5b/3ae20f89777115944e89c2d8c2e795dcc5b9e04052f76d5347e35e0da66e/ruff-0.11.4.tar.gz", hash = "sha256:f45bd2fb1a56a5a85fae3b95add03fb185a0b30cf47f5edc92aa0355ca1d7407", size = 3933063 }
wheels = [
    { url = "https://files.pythonhosted.org/packages/9c/db/baee59ac88f57527fcbaad3a7b309994e42329c6bc4d4d2b681a3d7b5426/ruff-0.11.4-py3-none-linux_armv6l.whl", hash = "sha256:d9f4a761ecbde448a2d3e12fb398647c7f0bf526dbc354a643ec505965824ed2", size = 10106493 },
    { url = "https://files.pythonhosted.org/packages/c1/d6/9a0962cbb347f4ff98b33d699bf1193ff04ca93bed4b4222fd881b502154/ruff-0.11.4-py3-none-macosx_10_12_x86_64.whl", hash = "sha256:8c1747d903447d45ca3d40c794d1a56458c51e5cc1bc77b7b64bd2cf0b1626cc", size = 10876382 },
    { url = "https://files.pythonhosted.org/packages/3a/8f/62bab0c7d7e1ae3707b69b157701b41c1ccab8f83e8501734d12ea8a839f/ruff-0.11.4-py3-none-macosx_11_0_arm64.whl", hash = "sha256:51a6494209cacca79e121e9b244dc30d3414dac8cc5afb93f852173a2ecfc906", size = 10237050 },
    { url = "https://files.pythonhosted.org/packages/09/96/e296965ae9705af19c265d4d441958ed65c0c58fc4ec340c27cc9d2a1f5b/ruff-0.11.4-py3-none-manylinux_2_17_aarch64.manylinux2014_aarch64.whl", hash = "sha256:3f171605f65f4fc49c87f41b456e882cd0c89e4ac9d58e149a2b07930e1d466f", size = 10424984 },
    { url = "https://files.pythonhosted.org/packages/e5/56/644595eb57d855afed6e54b852e2df8cd5ca94c78043b2f29bdfb29882d5/ruff-0.11.4-py3-none-manylinux_2_17_armv7l.manylinux2014_armv7l.whl", hash = "sha256:ebf99ea9af918878e6ce42098981fc8c1db3850fef2f1ada69fb1dcdb0f8e79e", size = 9957438 },
    { url = "https://files.pythonhosted.org/packages/86/83/9d3f3bed0118aef3e871ded9e5687fb8c5776bde233427fd9ce0a45db2d4/ruff-0.11.4-py3-none-manylinux_2_17_i686.manylinux2014_i686.whl", hash = "sha256:edad2eac42279df12e176564a23fc6f4aaeeb09abba840627780b1bb11a9d223", size = 11547282 },
    { url = "https://files.pythonhosted.org/packages/40/e6/0c6e4f5ae72fac5ccb44d72c0111f294a5c2c8cc5024afcb38e6bda5f4b3/ruff-0.11.4-py3-none-manylinux_2_17_ppc64.manylinux2014_ppc64.whl", hash = "sha256:f103a848be9ff379fc19b5d656c1f911d0a0b4e3e0424f9532ececf319a4296e", size = 12182020 },
    { url = "https://files.pythonhosted.org/packages/b5/92/4aed0e460aeb1df5ea0c2fbe8d04f9725cccdb25d8da09a0d3f5b8764bf8/ruff-0.11.4-py3-none-manylinux_2_17_ppc64le.manylinux2014_ppc64le.whl", hash = "sha256:193e6fac6eb60cc97b9f728e953c21cc38a20077ed64f912e9d62b97487f3f2d", size = 11679154 },
    { url = "https://files.pythonhosted.org/packages/1b/d3/7316aa2609f2c592038e2543483eafbc62a0e1a6a6965178e284808c095c/ruff-0.11.4-py3-none-manylinux_2_17_s390x.manylinux2014_s390x.whl", hash = "sha256:7af4e5f69b7c138be8dcffa5b4a061bf6ba6a3301f632a6bce25d45daff9bc99", size = 13905985 },
    { url = "https://files.pythonhosted.org/packages/63/80/734d3d17546e47ff99871f44ea7540ad2bbd7a480ed197fe8a1c8a261075/ruff-0.11.4-py3-none-manylinux_2_17_x86_64.manylinux2014_x86_64.whl", hash = "sha256:126b1bf13154aa18ae2d6c3c5efe144ec14b97c60844cfa6eb960c2a05188222", size = 11348343 },
    { url = "https://files.pythonhosted.org/packages/04/7b/70fc7f09a0161dce9613a4671d198f609e653d6f4ff9eee14d64c4c240fb/ruff-0.11.4-py3-none-musllinux_1_2_aarch64.whl", hash = "sha256:e8806daaf9dfa881a0ed603f8a0e364e4f11b6ed461b56cae2b1c0cab0645304", size = 10308487 },
    { url = "https://files.pythonhosted.org/packages/1a/22/1cdd62dabd678d75842bf4944fd889cf794dc9e58c18cc547f9eb28f95ed/ruff-0.11.4-py3-none-musllinux_1_2_armv7l.whl", hash = "sha256:5d94bb1cc2fc94a769b0eb975344f1b1f3d294da1da9ddbb5a77665feb3a3019", size = 9929091 },
    { url = "https://files.pythonhosted.org/packages/9f/20/40e0563506332313148e783bbc1e4276d657962cc370657b2fff20e6e058/ruff-0.11.4-py3-none-musllinux_1_2_i686.whl", hash = "sha256:995071203d0fe2183fc7a268766fd7603afb9996785f086b0d76edee8755c896", size = 10924659 },
    { url = "https://files.pythonhosted.org/packages/b5/41/eef9b7aac8819d9e942f617f9db296f13d2c4576806d604aba8db5a753f1/ruff-0.11.4-py3-none-musllinux_1_2_x86_64.whl", hash = "sha256:7a37ca937e307ea18156e775a6ac6e02f34b99e8c23fe63c1996185a4efe0751", size = 11428160 },
    { url = "https://files.pythonhosted.org/packages/ff/61/c488943414fb2b8754c02f3879de003e26efdd20f38167ded3fb3fc1cda3/ruff-0.11.4-py3-none-win32.whl", hash = "sha256:0e9365a7dff9b93af933dab8aebce53b72d8f815e131796268709890b4a83270", size = 10311496 },
    { url = "https://files.pythonhosted.org/packages/b6/2b/2a1c8deb5f5dfa3871eb7daa41492c4d2b2824a74d2b38e788617612a66d/ruff-0.11.4-py3-none-win_amd64.whl", hash = "sha256:5a9fa1c69c7815e39fcfb3646bbfd7f528fa8e2d4bebdcf4c2bd0fa037a255fb", size = 11399146 },
    { url = "https://files.pythonhosted.org/packages/4f/03/3aec4846226d54a37822e4c7ea39489e4abd6f88388fba74e3d4abe77300/ruff-0.11.4-py3-none-win_arm64.whl", hash = "sha256:d435db6b9b93d02934cf61ef332e66af82da6d8c69aefdea5994c89997c7a0fc", size = 10450306 },
]

[[package]]
name = "short-hand"
version = "0.0.0"
source = { virtual = "." }

[package.optional-dependencies]
dev = [
    { name = "basedmypy" },
    { name = "basedpyright" },
    { name = "pdbp" },
    { name = "ruff" },
]

[package.metadata]
requires-dist = [
    { name = "basedmypy", marker = "extra == 'dev'" },
    { name = "basedpyright", marker = "extra == 'dev'" },
    { name = "pdbp", marker = "extra == 'dev'" },
    { name = "ruff", marker = "extra == 'dev'" },
]
provides-extras = ["dev"]

[[package]]
name = "tabcompleter"
version = "1.4.0"
source = { registry = "https://pypi.org/simple" }
dependencies = [
    { name = "pyreadline3", marker = "sys_platform == 'win32'" },
]
sdist = { url = "https://files.pythonhosted.org/packages/73/1a/ed3544579628c5709bae6fae2255e94c6982a9ff77d42d8ba59fd2f3b21a/tabcompleter-1.4.0.tar.gz", hash = "sha256:7562a9938e62f8e7c3be612c3ac4e14c5ec4307b58ba9031c148260e866e8814", size = 10431 }
wheels = [
    { url = "https://files.pythonhosted.org/packages/65/44/bb509c3d2c0b5a87e7a5af1d5917a402a32ff026f777a6d7cb6990746cbb/tabcompleter-1.4.0-py3-none-any.whl", hash = "sha256:d744aa735b49c0a6cc2fb8fcd40077fec47425e4388301010b14e6ce3311368b", size = 6725 },
]

[[package]]
name = "typing-extensions"
version = "4.13.1"
source = { registry = "https://pypi.org/simple" }
sdist = { url = "https://files.pythonhosted.org/packages/76/ad/cd3e3465232ec2416ae9b983f27b9e94dc8171d56ac99b345319a9475967/typing_extensions-4.13.1.tar.gz", hash = "sha256:98795af00fb9640edec5b8e31fc647597b4691f099ad75f469a2616be1a76dff", size = 106633 }
wheels = [
    { url = "https://files.pythonhosted.org/packages/df/c5/e7a0b0f5ed69f94c8ab7379c599e6036886bffcde609969a5325f47f1332/typing_extensions-4.13.1-py3-none-any.whl", hash = "sha256:4b6cf02909eb5495cfbc3f6e8fd49217e6cc7944e145cdda8caa3734777f9e69", size = 45739 },
]
